
Microsoft Visual Studio Solution File, Format Version 12.00
# Visual Studio 15
VisualStudioVersion = 15.0.27703.2047
MinimumVisualStudioVersion = 10.0.40219.1
Project("{FAE04EC0-301F-11D3-BF4B-00C04F79EFBC}") = "DesenvolvimentoWeb.WebApi", "DesenvolvimentoWeb.WebApi\DesenvolvimentoWeb.WebApi.csproj", "{08F22ECF-D7AD-49CE-BD49-3C1746CDEFAC}"
EndProject
Global
	GlobalSection(SolutionConfigurationPlatforms) = preSolution
		Debug|Any CPU = Debug|Any CPU
		Release|Any CPU = Release|Any CPU
	EndGlobalSection
	GlobalSection(ProjectConfigurationPlatforms) = postSolution
		{08F22ECF-D7AD-49CE-BD49-3C1746CDEFAC}.Debug|Any CPU.ActiveCfg = Debug|Any CPU
		{08F22ECF-D7AD-49CE-BD49-3C1746CDEFAC}.Debug|Any CPU.Build.0 = Debug|Any CPU
		{08F22ECF-D7AD-49CE-BD49-3C1746CDEFAC}.Release|Any CPU.ActiveCfg = Release|Any CPU
		{08F22ECF-D7AD-49CE-BD49-3C1746CDEFAC}.Release|Any CPU.Build.0 = Release|Any CPU
	EndGlobalSection
	GlobalSection(SolutionProperties) = preSolution
		HideSolutionNode = FALSE
	EndGlobalSection
	GlobalSection(ExtensibilityGlobals) = postSolution
		SolutionGuid = {E1DF9F07-B219-4B9F-9109-9D606408D11E}
	EndGlobalSection
EndGlobal
